
Microsoft Visual Studio Solution File, Format Version 12.00
# Visual Studio 14
VisualStudioVersion = 14.0.25420.1
MinimumVisualStudioVersion = 10.0.40219.1
Project("{FAE04EC0-301F-11D3-BF4B-00C04F79EFBC}") = "Dsl", "Dsl\Dsl.csproj", "{B4E2D538-D1D9-492C-92E5-0E7F0FDFEFE8}"
EndProject
Project("{FAE04EC0-301F-11D3-BF4B-00C04F79EFBC}") = "DslPackage", "DslPackage\DslPackage.csproj", "{965D43AE-62B6-4541-AA90-FEAF98BE1F37}"
EndProject
Global
	GlobalSection(SolutionConfigurationPlatforms) = preSolution
		Debug|Any CPU = Debug|Any CPU
		Release|Any CPU = Release|Any CPU
	EndGlobalSection
	GlobalSection(ProjectConfigurationPlatforms) = postSolution
		{B4E2D538-D1D9-492C-92E5-0E7F0FDFEFE8}.Debug|Any CPU.ActiveCfg = Debug|Any CPU
		{B4E2D538-D1D9-492C-92E5-0E7F0FDFEFE8}.Debug|Any CPU.Build.0 = Debug|Any CPU
		{B4E2D538-D1D9-492C-92E5-0E7F0FDFEFE8}.Release|Any CPU.ActiveCfg = Release|Any CPU
		{B4E2D538-D1D9-492C-92E5-0E7F0FDFEFE8}.Release|Any CPU.Build.0 = Release|Any CPU
		{965D43AE-62B6-4541-AA90-FEAF98BE1F37}.Debug|Any CPU.ActiveCfg = Debug|Any CPU
		{965D43AE-62B6-4541-AA90-FEAF98BE1F37}.Debug|Any CPU.Build.0 = Debug|Any CPU
		{965D43AE-62B6-4541-AA90-FEAF98BE1F37}.Release|Any CPU.ActiveCfg = Release|Any CPU
		{965D43AE-62B6-4541-AA90-FEAF98BE1F37}.Release|Any CPU.Build.0 = Release|Any CPU
	EndGlobalSection
	GlobalSection(SolutionProperties) = preSolution
		HideSolutionNode = FALSE
	EndGlobalSection
EndGlobal
